// !$*UTF8*$!
{
	archiveVersion = 1;
	classes = {
	};
	objectVersion = 46;
	objects = {

/* Begin PBXBuildFile section */
		2020D5061C1E9C7400FA0EA5 /* star.png in Resources */ = {isa = PBXBuildFile; fileRef = 2020D5051C1E9C7400FA0EA5 /* star.png */; };
		2020D5081C1E9C7900FA0EA5 /* selectedStar.png in Resources */ = {isa = PBXBuildFile; fileRef = 2020D5071C1E9C7900FA0EA5 /* selectedStar.png */; };
		203418E31C174A9F000BF63B /* JSONImporter.swift in Sources */ = {isa = PBXBuildFile; fileRef = 203418E21C174A9F000BF63B /* JSONImporter.swift */; };
		203418EA1C178000000BF63B /* FrameworkExtensionsTest.swift in Sources */ = {isa = PBXBuildFile; fileRef = 203418E91C178000000BF63B /* FrameworkExtensionsTest.swift */; };
		203418EC1C178C2B000BF63B /* StringExtensions.swift in Sources */ = {isa = PBXBuildFile; fileRef = 203418EB1C178C2B000BF63B /* StringExtensions.swift */; };
		204DA1011C1C4FDC008025C5 /* DownloadAsyncLibrary.swift in Sources */ = {isa = PBXBuildFile; fileRef = 204DA1001C1C4FDC008025C5 /* DownloadAsyncLibrary.swift */; };
		204DA1031C1C9EC3008025C5 /* BookViewCell.swift in Sources */ = {isa = PBXBuildFile; fileRef = 204DA1021C1C9EC3008025C5 /* BookViewCell.swift */; };
		2055F7AA1C1B517200D93C18 /* LibraryViewController.swift in Sources */ = {isa = PBXBuildFile; fileRef = 2055F7A91C1B517200D93C18 /* LibraryViewController.swift */; };
		20CB63361C10FD5800CDC98A /* AppDelegate.swift in Sources */ = {isa = PBXBuildFile; fileRef = 20CB63351C10FD5800CDC98A /* AppDelegate.swift */; };
		20CB633D1C10FD5800CDC98A /* Main.storyboard in Resources */ = {isa = PBXBuildFile; fileRef = 20CB633B1C10FD5800CDC98A /* Main.storyboard */; };
		20CB633F1C10FD5800CDC98A /* Assets.xcassets in Resources */ = {isa = PBXBuildFile; fileRef = 20CB633E1C10FD5800CDC98A /* Assets.xcassets */; };
		20CB63421C10FD5800CDC98A /* LaunchScreen.storyboard in Resources */ = {isa = PBXBuildFile; fileRef = 20CB63401C10FD5800CDC98A /* LaunchScreen.storyboard */; };
		20CB634D1C10FD5800CDC98A /* ReadBookTests.swift in Sources */ = {isa = PBXBuildFile; fileRef = 20CB634C1C10FD5800CDC98A /* ReadBookTests.swift */; };
		20CB635A1C10FE5D00CDC98A /* Book.swift in Sources */ = {isa = PBXBuildFile; fileRef = 20CB63591C10FE5D00CDC98A /* Book.swift */; };
		20CB635C1C11073700CDC98A /* BookTest.swift in Sources */ = {isa = PBXBuildFile; fileRef = 20CB635B1C11073700CDC98A /* BookTest.swift */; };
		20CB63621C111E4C00CDC98A /* Library.swift in Sources */ = {isa = PBXBuildFile; fileRef = 20CB63611C111E4C00CDC98A /* Library.swift */; };
		20CB63641C111E6400CDC98A /* LibraryTest.swift in Sources */ = {isa = PBXBuildFile; fileRef = 20CB63631C111E6400CDC98A /* LibraryTest.swift */; };
		20D442B01C14C84500D80F8A /* Utilities.swift in Sources */ = {isa = PBXBuildFile; fileRef = 20D442AF1C14C84500D80F8A /* Utilities.swift */; };
		20D442B21C14C87500D80F8A /* Constants.swift in Sources */ = {isa = PBXBuildFile; fileRef = 20D442B11C14C87500D80F8A /* Constants.swift */; };
		20D442B41C14C8D300D80F8A /* JSONLoadData.swift in Sources */ = {isa = PBXBuildFile; fileRef = 20D442B31C14C8D300D80F8A /* JSONLoadData.swift */; };
		20D5401A1C1E745A00028FFA /* UIImageExtensions.swift in Sources */ = {isa = PBXBuildFile; fileRef = 20D540191C1E745A00028FFA /* UIImageExtensions.swift */; };
		20D5401C1C1E787100028FFA /* UIColorExtensions.swift in Sources */ = {isa = PBXBuildFile; fileRef = 20D5401B1C1E787100028FFA /* UIColorExtensions.swift */; };
		20D5401E1C1E808800028FFA /* HeaderViewCell.swift in Sources */ = {isa = PBXBuildFile; fileRef = 20D5401D1C1E808800028FFA /* HeaderViewCell.swift */; };
		20FFA8381C1DF9E300A9D8AF /* FilesManager.swift in Sources */ = {isa = PBXBuildFile; fileRef = 20FFA8371C1DF9E300A9D8AF /* FilesManager.swift */; };
		20FFA83A1C1DFABC00A9D8AF /* FileManager.swift in Sources */ = {isa = PBXBuildFile; fileRef = 20FFA8391C1DFABC00A9D8AF /* FileManager.swift */; };
		20FFA83E1C1E064100A9D8AF /* BookViewController.swift in Sources */ = {isa = PBXBuildFile; fileRef = 20FFA83D1C1E064100A9D8AF /* BookViewController.swift */; };
		20FFA8401C1E5DC300A9D8AF /* PDFViewerViewController.swift in Sources */ = {isa = PBXBuildFile; fileRef = 20FFA83F1C1E5DC300A9D8AF /* PDFViewerViewController.swift */; };
/* End PBXBuildFile section */

/* Begin PBXContainerItemProxy section */
		20CB63491C10FD5800CDC98A /* PBXContainerItemProxy */ = {
			isa = PBXContainerItemProxy;
			containerPortal = 20CB632A1C10FD5800CDC98A /* Project object */;
			proxyType = 1;
			remoteGlobalIDString = 20CB63311C10FD5800CDC98A;
			remoteInfo = ReadBook;
		};
/* End PBXContainerItemProxy section */

/* Begin PBXFileReference section */
		2020D5051C1E9C7400FA0EA5 /* star.png */ = {isa = PBXFileReference; lastKnownFileType = image.png; path = star.png; sourceTree = "<group>"; };
		2020D5071C1E9C7900FA0EA5 /* selectedStar.png */ = {isa = PBXFileReference; lastKnownFileType = image.png; path = selectedStar.png; sourceTree = "<group>"; };
		203418E21C174A9F000BF63B /* JSONImporter.swift */ = {isa = PBXFileReference; fileEncoding = 4; lastKnownFileType = sourcecode.swift; path = JSONImporter.swift; sourceTree = "<group>"; };
		203418E91C178000000BF63B /* FrameworkExtensionsTest.swift */ = {isa = PBXFileReference; fileEncoding = 4; lastKnownFileType = sourcecode.swift; path = FrameworkExtensionsTest.swift; sourceTree = "<group>"; };
		203418EB1C178C2B000BF63B /* StringExtensions.swift */ = {isa = PBXFileReference; fileEncoding = 4; lastKnownFileType = sourcecode.swift; path = StringExtensions.swift; sourceTree = "<group>"; };
		204DA0FF1C1C42EF008025C5 /* ProcessDownloaderAsync.playground */ = {isa = PBXFileReference; lastKnownFileType = file.playground; path = ProcessDownloaderAsync.playground; sourceTree = "<group>"; };
		204DA1001C1C4FDC008025C5 /* DownloadAsyncLibrary.swift */ = {isa = PBXFileReference; fileEncoding = 4; lastKnownFileType = sourcecode.swift; path = DownloadAsyncLibrary.swift; sourceTree = "<group>"; };
		204DA1021C1C9EC3008025C5 /* BookViewCell.swift */ = {isa = PBXFileReference; fileEncoding = 4; lastKnownFileType = sourcecode.swift; path = BookViewCell.swift; sourceTree = "<group>"; };
		2055F7A91C1B517200D93C18 /* LibraryViewController.swift */ = {isa = PBXFileReference; fileEncoding = 4; lastKnownFileType = sourcecode.swift; path = LibraryViewController.swift; sourceTree = "<group>"; };
		2071229B1C1339DC000662D2 /* ProcessDownload.playground */ = {isa = PBXFileReference; lastKnownFileType = file.playground; path = ProcessDownload.playground; sourceTree = "<group>"; };
		20CB63321C10FD5800CDC98A /* ReadBook.app */ = {isa = PBXFileReference; explicitFileType = wrapper.application; includeInIndex = 0; path = ReadBook.app; sourceTree = BUILT_PRODUCTS_DIR; };
		20CB63351C10FD5800CDC98A /* AppDelegate.swift */ = {isa = PBXFileReference; lastKnownFileType = sourcecode.swift; path = AppDelegate.swift; sourceTree = "<group>"; };
		20CB633C1C10FD5800CDC98A /* Base */ = {isa = PBXFileReference; lastKnownFileType = file.storyboard; name = Base; path = Base.lproj/Main.storyboard; sourceTree = "<group>"; };
		20CB633E1C10FD5800CDC98A /* Assets.xcassets */ = {isa = PBXFileReference; lastKnownFileType = folder.assetcatalog; path = Assets.xcassets; sourceTree = "<group>"; };
		20CB63411C10FD5800CDC98A /* Base */ = {isa = PBXFileReference; lastKnownFileType = file.storyboard; name = Base; path = Base.lproj/LaunchScreen.storyboard; sourceTree = "<group>"; };
		20CB63431C10FD5800CDC98A /* Info.plist */ = {isa = PBXFileReference; lastKnownFileType = text.plist.xml; path = Info.plist; sourceTree = "<group>"; };
		20CB63481C10FD5800CDC98A /* ReadBookTests.xctest */ = {isa = PBXFileReference; explicitFileType = wrapper.cfbundle; includeInIndex = 0; path = ReadBookTests.xctest; sourceTree = BUILT_PRODUCTS_DIR; };
		20CB634C1C10FD5800CDC98A /* ReadBookTests.swift */ = {isa = PBXFileReference; lastKnownFileType = sourcecode.swift; path = ReadBookTests.swift; sourceTree = "<group>"; };
		20CB634E1C10FD5800CDC98A /* Info.plist */ = {isa = PBXFileReference; lastKnownFileType = text.plist.xml; path = Info.plist; sourceTree = "<group>"; };
		20CB63591C10FE5D00CDC98A /* Book.swift */ = {isa = PBXFileReference; fileEncoding = 4; lastKnownFileType = sourcecode.swift; path = Book.swift; sourceTree = "<group>"; };
		20CB635B1C11073700CDC98A /* BookTest.swift */ = {isa = PBXFileReference; fileEncoding = 4; lastKnownFileType = sourcecode.swift; path = BookTest.swift; sourceTree = "<group>"; };
		20CB63611C111E4C00CDC98A /* Library.swift */ = {isa = PBXFileReference; fileEncoding = 4; lastKnownFileType = sourcecode.swift; path = Library.swift; sourceTree = "<group>"; };
		20CB63631C111E6400CDC98A /* LibraryTest.swift */ = {isa = PBXFileReference; fileEncoding = 4; lastKnownFileType = sourcecode.swift; path = LibraryTest.swift; sourceTree = "<group>"; };
		20D442AF1C14C84500D80F8A /* Utilities.swift */ = {isa = PBXFileReference; fileEncoding = 4; lastKnownFileType = sourcecode.swift; path = Utilities.swift; sourceTree = "<group>"; };
		20D442B11C14C87500D80F8A /* Constants.swift */ = {isa = PBXFileReference; fileEncoding = 4; lastKnownFileType = sourcecode.swift; path = Constants.swift; sourceTree = "<group>"; };
		20D442B31C14C8D300D80F8A /* JSONLoadData.swift */ = {isa = PBXFileReference; fileEncoding = 4; lastKnownFileType = sourcecode.swift; path = JSONLoadData.swift; sourceTree = "<group>"; };
		20D540181C1E72CB00028FFA /* Frikadas.playground */ = {isa = PBXFileReference; lastKnownFileType = file.playground; path = Frikadas.playground; sourceTree = "<group>"; };
		20D540191C1E745A00028FFA /* UIImageExtensions.swift */ = {isa = PBXFileReference; fileEncoding = 4; lastKnownFileType = sourcecode.swift; path = UIImageExtensions.swift; sourceTree = "<group>"; };
		20D5401B1C1E787100028FFA /* UIColorExtensions.swift */ = {isa = PBXFileReference; fileEncoding = 4; lastKnownFileType = sourcecode.swift; path = UIColorExtensions.swift; sourceTree = "<group>"; };
		20D5401D1C1E808800028FFA /* HeaderViewCell.swift */ = {isa = PBXFileReference; fileEncoding = 4; lastKnownFileType = sourcecode.swift; path = HeaderViewCell.swift; sourceTree = "<group>"; };
		20FFA8361C1D826300A9D8AF /* ManagingDirectories.playground */ = {isa = PBXFileReference; lastKnownFileType = file.playground; path = ManagingDirectories.playground; sourceTree = "<group>"; };
		20FFA8371C1DF9E300A9D8AF /* FilesManager.swift */ = {isa = PBXFileReference; fileEncoding = 4; lastKnownFileType = sourcecode.swift; path = FilesManager.swift; sourceTree = "<group>"; };
		20FFA8391C1DFABC00A9D8AF /* FileManager.swift */ = {isa = PBXFileReference; fileEncoding = 4; lastKnownFileType = sourcecode.swift; path = FileManager.swift; sourceTree = "<group>"; };
		20FFA83D1C1E064100A9D8AF /* BookViewController.swift */ = {isa = PBXFileReference; fileEncoding = 4; lastKnownFileType = sourcecode.swift; path = BookViewController.swift; sourceTree = "<group>"; };
		20FFA83F1C1E5DC300A9D8AF /* PDFViewerViewController.swift */ = {isa = PBXFileReference; fileEncoding = 4; lastKnownFileType = sourcecode.swift; path = PDFViewerViewController.swift; sourceTree = "<group>"; };
/* End PBXFileReference section */

/* Begin PBXFrameworksBuildPhase section */
		20CB632F1C10FD5800CDC98A /* Frameworks */ = {
			isa = PBXFrameworksBuildPhase;
			buildActionMask = 2147483647;
			files = (
			);
			runOnlyForDeploymentPostprocessing = 0;
		};
		20CB63451C10FD5800CDC98A /* Frameworks */ = {
			isa = PBXFrameworksBuildPhase;
			buildActionMask = 2147483647;
			files = (
			);
			runOnlyForDeploymentPostprocessing = 0;
		};
/* End PBXFrameworksBuildPhase section */

/* Begin PBXGroup section */
		2020D5001C1E9BF400FA0EA5 /* Resources */ = {
			isa = PBXGroup;
			children = (
				2020D5051C1E9C7400FA0EA5 /* star.png */,
				2020D5071C1E9C7900FA0EA5 /* selectedStar.png */,
			);
			name = Resources;
			sourceTree = "<group>";
		};
		203418E41C17615A000BF63B /* Framework */ = {
			isa = PBXGroup;
			children = (
				203418EB1C178C2B000BF63B /* StringExtensions.swift */,
				20D540191C1E745A00028FFA /* UIImageExtensions.swift */,
				20D5401B1C1E787100028FFA /* UIColorExtensions.swift */,
			);
			name = Framework;
			sourceTree = "<group>";
		};
		2055F7A81C1B513500D93C18 /* Controllers */ = {
			isa = PBXGroup;
			children = (
				2055F7A91C1B517200D93C18 /* LibraryViewController.swift */,
				204DA1021C1C9EC3008025C5 /* BookViewCell.swift */,
				20FFA83D1C1E064100A9D8AF /* BookViewController.swift */,
				20FFA83F1C1E5DC300A9D8AF /* PDFViewerViewController.swift */,
				20D5401D1C1E808800028FFA /* HeaderViewCell.swift */,
			);
			name = Controllers;
			sourceTree = "<group>";
		};
		2071229A1C13394F000662D2 /* Playgrounds */ = {
			isa = PBXGroup;
			children = (
				2071229B1C1339DC000662D2 /* ProcessDownload.playground */,
				204DA0FF1C1C42EF008025C5 /* ProcessDownloaderAsync.playground */,
				20FFA8361C1D826300A9D8AF /* ManagingDirectories.playground */,
				20D540181C1E72CB00028FFA /* Frikadas.playground */,
			);
			name = Playgrounds;
			sourceTree = "<group>";
		};
		20CB63291C10FD5800CDC98A = {
			isa = PBXGroup;
			children = (
				20CB63341C10FD5800CDC98A /* ReadBook */,
				20CB634B1C10FD5800CDC98A /* ReadBookTests */,
				20CB63331C10FD5800CDC98A /* Products */,
			);
			sourceTree = "<group>";
		};
		20CB63331C10FD5800CDC98A /* Products */ = {
			isa = PBXGroup;
			children = (
				20CB63321C10FD5800CDC98A /* ReadBook.app */,
				20CB63481C10FD5800CDC98A /* ReadBookTests.xctest */,
			);
			name = Products;
			sourceTree = "<group>";
		};
		20CB63341C10FD5800CDC98A /* ReadBook */ = {
			isa = PBXGroup;
			children = (
				203418E41C17615A000BF63B /* Framework */,
				2071229A1C13394F000662D2 /* Playgrounds */,
				20CB63571C10FDC300CDC98A /* App */,
			);
			path = ReadBook;
			sourceTree = "<group>";
		};
		20CB634B1C10FD5800CDC98A /* ReadBookTests */ = {
			isa = PBXGroup;
			children = (
				20CB634C1C10FD5800CDC98A /* ReadBookTests.swift */,
				20CB634E1C10FD5800CDC98A /* Info.plist */,
				20CB635B1C11073700CDC98A /* BookTest.swift */,
				20CB63631C111E6400CDC98A /* LibraryTest.swift */,
				20D442B31C14C8D300D80F8A /* JSONLoadData.swift */,
				203418E91C178000000BF63B /* FrameworkExtensionsTest.swift */,
				204DA1001C1C4FDC008025C5 /* DownloadAsyncLibrary.swift */,
				20FFA8391C1DFABC00A9D8AF /* FileManager.swift */,
			);
			path = ReadBookTests;
			sourceTree = "<group>";
		};
		20CB63571C10FDC300CDC98A /* App */ = {
			isa = PBXGroup;
			children = (
				2020D5001C1E9BF400FA0EA5 /* Resources */,
				20DFC5D81C1E94570037AED7 /* Helpers */,
				20DFC5D71C1E94410037AED7 /* StoryBoards */,
				2055F7A81C1B513500D93C18 /* Controllers */,
				20CB63581C10FE4500CDC98A /* Model */,
				20CB63351C10FD5800CDC98A /* AppDelegate.swift */,
				20CB633E1C10FD5800CDC98A /* Assets.xcassets */,
				20CB63431C10FD5800CDC98A /* Info.plist */,
			);
			name = App;
			sourceTree = "<group>";
		};
		20CB63581C10FE4500CDC98A /* Model */ = {
			isa = PBXGroup;
			children = (
				20CB63591C10FE5D00CDC98A /* Book.swift */,
				20CB63611C111E4C00CDC98A /* Library.swift */,
				20FFA8371C1DF9E300A9D8AF /* FilesManager.swift */,
			);
			name = Model;
			sourceTree = "<group>";
		};
		20DFC5D71C1E94410037AED7 /* StoryBoards */ = {
			isa = PBXGroup;
			children = (
				20CB63401C10FD5800CDC98A /* LaunchScreen.storyboard */,
				20CB633B1C10FD5800CDC98A /* Main.storyboard */,
			);
			name = StoryBoards;
			sourceTree = "<group>";
		};
		20DFC5D81C1E94570037AED7 /* Helpers */ = {
			isa = PBXGroup;
			children = (
				203418E21C174A9F000BF63B /* JSONImporter.swift */,
				20D442B11C14C87500D80F8A /* Constants.swift */,
				20D442AF1C14C84500D80F8A /* Utilities.swift */,
			);
			name = Helpers;
			sourceTree = "<group>";
		};
/* End PBXGroup section */

/* Begin PBXNativeTarget section */
		20CB63311C10FD5800CDC98A /* ReadBook */ = {
			isa = PBXNativeTarget;
			buildConfigurationList = 20CB63511C10FD5800CDC98A /* Build configuration list for PBXNativeTarget "ReadBook" */;
			buildPhases = (
				20CB632E1C10FD5800CDC98A /* Sources */,
				20CB632F1C10FD5800CDC98A /* Frameworks */,
				20CB63301C10FD5800CDC98A /* Resources */,
			);
			buildRules = (
			);
			dependencies = (
			);
			name = ReadBook;
			productName = ReadBook;
			productReference = 20CB63321C10FD5800CDC98A /* ReadBook.app */;
			productType = "com.apple.product-type.application";
		};
		20CB63471C10FD5800CDC98A /* ReadBookTests */ = {
			isa = PBXNativeTarget;
			buildConfigurationList = 20CB63541C10FD5800CDC98A /* Build configuration list for PBXNativeTarget "ReadBookTests" */;
			buildPhases = (
				20CB63441C10FD5800CDC98A /* Sources */,
				20CB63451C10FD5800CDC98A /* Frameworks */,
				20CB63461C10FD5800CDC98A /* Resources */,
			);
			buildRules = (
			);
			dependencies = (
				20CB634A1C10FD5800CDC98A /* PBXTargetDependency */,
			);
			name = ReadBookTests;
			productName = ReadBookTests;
			productReference = 20CB63481C10FD5800CDC98A /* ReadBookTests.xctest */;
			productType = "com.apple.product-type.bundle.unit-test";
		};
/* End PBXNativeTarget section */

/* Begin PBXProject section */
		20CB632A1C10FD5800CDC98A /* Project object */ = {
			isa = PBXProject;
			attributes = {
				LastSwiftUpdateCheck = 0710;
				LastUpgradeCheck = 0710;
				ORGANIZATIONNAME = Adrian;
				TargetAttributes = {
					20CB63311C10FD5800CDC98A = {
						CreatedOnToolsVersion = 7.1.1;
						DevelopmentTeam = 8RJ7GVBJFE;
						SystemCapabilities = {
							com.apple.BackgroundModes = {
								enabled = 1;
							};
						};
					};
					20CB63471C10FD5800CDC98A = {
						CreatedOnToolsVersion = 7.1.1;
						TestTargetID = 20CB63311C10FD5800CDC98A;
					};
				};
			};
			buildConfigurationList = 20CB632D1C10FD5800CDC98A /* Build configuration list for PBXProject "ReadBook" */;
			compatibilityVersion = "Xcode 3.2";
			developmentRegion = English;
			hasScannedForEncodings = 0;
			knownRegions = (
				en,
				Base,
			);
			mainGroup = 20CB63291C10FD5800CDC98A;
			productRefGroup = 20CB63331C10FD5800CDC98A /* Products */;
			projectDirPath = "";
			projectRoot = "";
			targets = (
				20CB63311C10FD5800CDC98A /* ReadBook */,
				20CB63471C10FD5800CDC98A /* ReadBookTests */,
			);
		};
/* End PBXProject section */

/* Begin PBXResourcesBuildPhase section */
		20CB63301C10FD5800CDC98A /* Resources */ = {
			isa = PBXResourcesBuildPhase;
			buildActionMask = 2147483647;
			files = (
				20CB63421C10FD5800CDC98A /* LaunchScreen.storyboard in Resources */,
				2020D5081C1E9C7900FA0EA5 /* selectedStar.png in Resources */,
				20CB633F1C10FD5800CDC98A /* Assets.xcassets in Resources */,
				20CB633D1C10FD5800CDC98A /* Main.storyboard in Resources */,
				2020D5061C1E9C7400FA0EA5 /* star.png in Resources */,
			);
			runOnlyForDeploymentPostprocessing = 0;
		};
		20CB63461C10FD5800CDC98A /* Resources */ = {
			isa = PBXResourcesBuildPhase;
			buildActionMask = 2147483647;
			files = (
			);
			runOnlyForDeploymentPostprocessing = 0;
		};
/* End PBXResourcesBuildPhase section */

/* Begin PBXSourcesBuildPhase section */
		20CB632E1C10FD5800CDC98A /* Sources */ = {
			isa = PBXSourcesBuildPhase;
			buildActionMask = 2147483647;
			files = (
				20D442B01C14C84500D80F8A /* Utilities.swift in Sources */,
				20FFA8401C1E5DC300A9D8AF /* PDFViewerViewController.swift in Sources */,
				203418E31C174A9F000BF63B /* JSONImporter.swift in Sources */,
				20CB635A1C10FE5D00CDC98A /* Book.swift in Sources */,
				203418EC1C178C2B000BF63B /* StringExtensions.swift in Sources */,
				20CB63621C111E4C00CDC98A /* Library.swift in Sources */,
				20D5401E1C1E808800028FFA /* HeaderViewCell.swift in Sources */,
				204DA1031C1C9EC3008025C5 /* BookViewCell.swift in Sources */,
				2055F7AA1C1B517200D93C18 /* LibraryViewController.swift in Sources */,
				20D442B21C14C87500D80F8A /* Constants.swift in Sources */,
				20FFA83E1C1E064100A9D8AF /* BookViewController.swift in Sources */,
				20D5401A1C1E745A00028FFA /* UIImageExtensions.swift in Sources */,
				20CB63361C10FD5800CDC98A /* AppDelegate.swift in Sources */,
				20FFA8381C1DF9E300A9D8AF /* FilesManager.swift in Sources */,
				20D5401C1C1E787100028FFA /* UIColorExtensions.swift in Sources */,
			);
			runOnlyForDeploymentPostprocessing = 0;
		};
		20CB63441C10FD5800CDC98A /* Sources */ = {
			isa = PBXSourcesBuildPhase;
			buildActionMask = 2147483647;
			files = (
				204DA1011C1C4FDC008025C5 /* DownloadAsyncLibrary.swift in Sources */,
				20CB635C1C11073700CDC98A /* BookTest.swift in Sources */,
				20CB634D1C10FD5800CDC98A /* ReadBookTests.swift in Sources */,
				20FFA83A1C1DFABC00A9D8AF /* FileManager.swift in Sources */,
				20CB63641C111E6400CDC98A /* LibraryTest.swift in Sources */,
				20D442B41C14C8D300D80F8A /* JSONLoadData.swift in Sources */,
				203418EA1C178000000BF63B /* FrameworkExtensionsTest.swift in Sources */,
			);
			runOnlyForDeploymentPostprocessing = 0;
		};
/* End PBXSourcesBuildPhase section */

/* Begin PBXTargetDependency section */
		20CB634A1C10FD5800CDC98A /* PBXTargetDependency */ = {
			isa = PBXTargetDependency;
			target = 20CB63311C10FD5800CDC98A /* ReadBook */;
			targetProxy = 20CB63491C10FD5800CDC98A /* PBXContainerItemProxy */;
		};
/* End PBXTargetDependency section */

/* Begin PBXVariantGroup section */
		20CB633B1C10FD5800CDC98A /* Main.storyboard */ = {
			isa = PBXVariantGroup;
			children = (
				20CB633C1C10FD5800CDC98A /* Base */,
			);
			name = Main.storyboard;
			sourceTree = "<group>";
		};
		20CB63401C10FD5800CDC98A /* LaunchScreen.storyboard */ = {
			isa = PBXVariantGroup;
			children = (
				20CB63411C10FD5800CDC98A /* Base */,
			);
			name = LaunchScreen.storyboard;
			sourceTree = "<group>";
		};
/* End PBXVariantGroup section */

/* Begin XCBuildConfiguration section */
		20CB634F1C10FD5800CDC98A /* Debug */ = {
			isa = XCBuildConfiguration;
			buildSettings = {
				ALWAYS_SEARCH_USER_PATHS = NO;
				CLANG_CXX_LANGUAGE_STANDARD = "gnu++0x";
				CLANG_CXX_LIBRARY = "libc++";
				CLANG_ENABLE_MODULES = YES;
				CLANG_ENABLE_OBJC_ARC = YES;
				CLANG_WARN_BOOL_CONVERSION = YES;
				CLANG_WARN_CONSTANT_CONVERSION = YES;
				CLANG_WARN_DIRECT_OBJC_ISA_USAGE = YES_ERROR;
				CLANG_WARN_EMPTY_BODY = YES;
				CLANG_WARN_ENUM_CONVERSION = YES;
				CLANG_WARN_INT_CONVERSION = YES;
				CLANG_WARN_OBJC_ROOT_CLASS = YES_ERROR;
				CLANG_WARN_UNREACHABLE_CODE = YES;
				CLANG_WARN__DUPLICATE_METHOD_MATCH = YES;
				"CODE_SIGN_IDENTITY[sdk=iphoneos*]" = "iPhone Developer";
				COPY_PHASE_STRIP = NO;
				DEBUG_INFORMATION_FORMAT = dwarf;
				ENABLE_STRICT_OBJC_MSGSEND = YES;
				ENABLE_TESTABILITY = YES;
				GCC_C_LANGUAGE_STANDARD = gnu99;
				GCC_DYNAMIC_NO_PIC = NO;
				GCC_NO_COMMON_BLOCKS = YES;
				GCC_OPTIMIZATION_LEVEL = 0;
				GCC_PREPROCESSOR_DEFINITIONS = (
					"DEBUG=1",
					"$(inherited)",
				);
				GCC_WARN_64_TO_32_BIT_CONVERSION = YES;
				GCC_WARN_ABOUT_RETURN_TYPE = YES_ERROR;
				GCC_WARN_UNDECLARED_SELECTOR = YES;
				GCC_WARN_UNINITIALIZED_AUTOS = YES_AGGRESSIVE;
				GCC_WARN_UNUSED_FUNCTION = YES;
				GCC_WARN_UNUSED_VARIABLE = YES;
				IPHONEOS_DEPLOYMENT_TARGET = 9.1;
				MTL_ENABLE_DEBUG_INFO = YES;
				ONLY_ACTIVE_ARCH = YES;
				SDKROOT = iphoneos;
				SWIFT_OPTIMIZATION_LEVEL = "-Onone";
			};
			name = Debug;
		};
		20CB63501C10FD5800CDC98A /* Release */ = {
			isa = XCBuildConfiguration;
			buildSettings = {
				ALWAYS_SEARCH_USER_PATHS = NO;
				CLANG_CXX_LANGUAGE_STANDARD = "gnu++0x";
				CLANG_CXX_LIBRARY = "libc++";
				CLANG_ENABLE_MODULES = YES;
				CLANG_ENABLE_OBJC_ARC = YES;
				CLANG_WARN_BOOL_CONVERSION = YES;
				CLANG_WARN_CONSTANT_CONVERSION = YES;
				CLANG_WARN_DIRECT_OBJC_ISA_USAGE = YES_ERROR;
				CLANG_WARN_EMPTY_BODY = YES;
				CLANG_WARN_ENUM_CONVERSION = YES;
				CLANG_WARN_INT_CONVERSION = YES;
				CLANG_WARN_OBJC_ROOT_CLASS = YES_ERROR;
				CLANG_WARN_UNREACHABLE_CODE = YES;
				CLANG_WARN__DUPLICATE_METHOD_MATCH = YES;
				"CODE_SIGN_IDENTITY[sdk=iphoneos*]" = "iPhone Developer";
				COPY_PHASE_STRIP = NO;
				DEBUG_INFORMATION_FORMAT = "dwarf-with-dsym";
				ENABLE_NS_ASSERTIONS = NO;
				ENABLE_STRICT_OBJC_MSGSEND = YES;
				GCC_C_LANGUAGE_STANDARD = gnu99;
				GCC_NO_COMMON_BLOCKS = YES;
				GCC_WARN_64_TO_32_BIT_CONVERSION = YES;
				GCC_WARN_ABOUT_RETURN_TYPE = YES_ERROR;
				GCC_WARN_UNDECLARED_SELECTOR = YES;
				GCC_WARN_UNINITIALIZED_AUTOS = YES_AGGRESSIVE;
				GCC_WARN_UNUSED_FUNCTION = YES;
				GCC_WARN_UNUSED_VARIABLE = YES;
				IPHONEOS_DEPLOYMENT_TARGET = 9.1;
				MTL_ENABLE_DEBUG_INFO = NO;
				SDKROOT = iphoneos;
				VALIDATE_PRODUCT = YES;
			};
			name = Release;
		};
		20CB63521C10FD5800CDC98A /* Debug */ = {
			isa = XCBuildConfiguration;
			buildSettings = {
				ASSETCATALOG_COMPILER_APPICON_NAME = AppIcon;
				CODE_SIGN_IDENTITY = "iPhone Developer";
				INFOPLIST_FILE = ReadBook/Info.plist;
				IPHONEOS_DEPLOYMENT_TARGET = 9.1;
				LD_RUNPATH_SEARCH_PATHS = "$(inherited) @executable_path/Frameworks";
				PRODUCT_BUNDLE_IDENTIFIER = io.creativedevelopers.ReadBook;
				PRODUCT_NAME = "$(TARGET_NAME)";
				TARGETED_DEVICE_FAMILY = "1,2";
			};
			name = Debug;
		};
		20CB63531C10FD5800CDC98A /* Release */ = {
			isa = XCBuildConfiguration;
			buildSettings = {
				ASSETCATALOG_COMPILER_APPICON_NAME = AppIcon;
				CODE_SIGN_IDENTITY = "iPhone Developer";
				INFOPLIST_FILE = ReadBook/Info.plist;
				IPHONEOS_DEPLOYMENT_TARGET = 9.1;
				LD_RUNPATH_SEARCH_PATHS = "$(inherited) @executable_path/Frameworks";
				PRODUCT_BUNDLE_IDENTIFIER = io.creativedevelopers.ReadBook;
				PRODUCT_NAME = "$(TARGET_NAME)";
				TARGETED_DEVICE_FAMILY = "1,2";
			};
			name = Release;
		};
		20CB63551C10FD5800CDC98A /* Debug */ = {
			isa = XCBuildConfiguration;
			buildSettings = {
				BUNDLE_LOADER = "$(TEST_HOST)";
				INFOPLIST_FILE = ReadBookTests/Info.plist;
				LD_RUNPATH_SEARCH_PATHS = "$(inherited) @executable_path/Frameworks @loader_path/Frameworks";
				PRODUCT_BUNDLE_IDENTIFIER = io.creativedevelopers.ReadBookTests;
				PRODUCT_NAME = "$(TARGET_NAME)";
				TEST_HOST = "$(BUILT_PRODUCTS_DIR)/ReadBook.app/ReadBook";
			};
			name = Debug;
		};
		20CB63561C10FD5800CDC98A /* Release */ = {
			isa = XCBuildConfiguration;
			buildSettings = {
				BUNDLE_LOADER = "$(TEST_HOST)";
				INFOPLIST_FILE = ReadBookTests/Info.plist;
				LD_RUNPATH_SEARCH_PATHS = "$(inherited) @executable_path/Frameworks @loader_path/Frameworks";
				PRODUCT_BUNDLE_IDENTIFIER = io.creativedevelopers.ReadBookTests;
				PRODUCT_NAME = "$(TARGET_NAME)";
				TEST_HOST = "$(BUILT_PRODUCTS_DIR)/ReadBook.app/ReadBook";
			};
			name = Release;
		};
/* End XCBuildConfiguration section */

/* Begin XCConfigurationList section */
		20CB632D1C10FD5800CDC98A /* Build configuration list for PBXProject "ReadBook" */ = {
			isa = XCConfigurationList;
			buildConfigurations = (
				20CB634F1C10FD5800CDC98A /* Debug */,
				20CB63501C10FD5800CDC98A /* Release */,
			);
			defaultConfigurationIsVisible = 0;
			defaultConfigurationName = Release;
		};
		20CB63511C10FD5800CDC98A /* Build configuration list for PBXNativeTarget "ReadBook" */ = {
			isa = XCConfigurationList;
			buildConfigurations = (
				20CB63521C10FD5800CDC98A /* Debug */,
				20CB63531C10FD5800CDC98A /* Release */,
			);
			defaultConfigurationIsVisible = 0;
			defaultConfigurationName = Release;
		};
		20CB63541C10FD5800CDC98A /* Build configuration list for PBXNativeTarget "ReadBookTests" */ = {
			isa = XCConfigurationList;
			buildConfigurations = (
				20CB63551C10FD5800CDC98A /* Debug */,
				20CB63561C10FD5800CDC98A /* Release */,
			);
			defaultConfigurationIsVisible = 0;
			defaultConfigurationName = Release;
		};
/* End XCConfigurationList section */
	};
	rootObject = 20CB632A1C10FD5800CDC98A /* Project object */;
}
